
Microsoft Visual Studio Solution File, Format Version 12.00
# Visual Studio Version 16
VisualStudioVersion = 16.0.31129.286
MinimumVisualStudioVersion = 10.0.40219.1
Project("{FAE04EC0-301F-11D3-BF4B-00C04F79EFBC}") = "FFUpdates-DynamoLeagueScrape", "FFUpdates-DynamoLeagueScrape\FFUpdates-DynamoLeagueScrape.csproj", "{CEBA1849-0DA5-4B84-A4A4-581BDA916270}"
EndProject
Global
	GlobalSection(SolutionConfigurationPlatforms) = preSolution
		Debug|Any CPU = Debug|Any CPU
		Release|Any CPU = Release|Any CPU
	EndGlobalSection
	GlobalSection(ProjectConfigurationPlatforms) = postSolution
		{CEBA1849-0DA5-4B84-A4A4-581BDA916270}.Debug|Any CPU.ActiveCfg = Debug|Any CPU
		{CEBA1849-0DA5-4B84-A4A4-581BDA916270}.Debug|Any CPU.Build.0 = Debug|Any CPU
		{CEBA1849-0DA5-4B84-A4A4-581BDA916270}.Release|Any CPU.ActiveCfg = Release|Any CPU
		{CEBA1849-0DA5-4B84-A4A4-581BDA916270}.Release|Any CPU.Build.0 = Release|Any CPU
	EndGlobalSection
	GlobalSection(SolutionProperties) = preSolution
		HideSolutionNode = FALSE
	EndGlobalSection
	GlobalSection(ExtensibilityGlobals) = postSolution
		SolutionGuid = {4B07B4C5-4F9D-40F8-89C8-AAE406D9A285}
	EndGlobalSection
EndGlobal
